// !$*UTF8*$!
{
	archiveVersion = 1;
	classes = {
	};
	objectVersion = 100;
	objects = {

/* Begin PBXBuildFile section */
		39D5966B2F2451A900E80870 /* ClearXRSimulator.framework in Frameworks */ = {isa = PBXBuildFile; fileRef = 39D596652F2451A900E80870 /* ClearXRSimulator.framework */; };
		39D5966C2F2451A900E80870 /* ClearXRSimulator.framework in Embed Frameworks */ = {isa = PBXBuildFile; fileRef = 39D596652F2451A900E80870 /* ClearXRSimulator.framework */; settings = {ATTRIBUTES = (CodeSignOnCopy, RemoveHeadersOnCopy, ); }; };
		D213B0792F6DEAAE006A3ACA /* Assets.xcassets in Resources */ = {isa = PBXBuildFile; fileRef = D213B0782F6DEAAE006A3ACA /* Assets.xcassets */; };
/* End PBXBuildFile section */

/* Begin PBXContainerItemProxy section */
		39D596692F2451A900E80870 /* PBXContainerItemProxy */ = {
			isa = PBXContainerItemProxy;
			containerPortal = 39DFFB892EEA1BA1002EE889 /* Project object */;
			proxyType = 1;
			remoteGlobalIDString = 39D596642F2451A900E80870;
			remoteInfo = ClearXRSimulator;
		};
/* End PBXContainerItemProxy section */

/* Begin PBXCopyFilesBuildPhase section */
		39D5966D2F2451A900E80870 /* Embed Frameworks */ = {
			isa = PBXCopyFilesBuildPhase;
			dstPath = "";
			dstSubfolder = Frameworks;
			files = (
				39D5966C2F2451A900E80870 /* ClearXRSimulator.framework in Embed Frameworks */,
			);
			name = "Embed Frameworks";
		};
/* End PBXCopyFilesBuildPhase section */

/* Begin PBXFileReference section */
		112FCB01110364E68BC6A2D2 /* LICENSE.txt */ = {isa = PBXFileReference; includeInIndex = 1; lastKnownFileType = text; path = LICENSE.txt; sourceTree = "<group>"; };
		39D596652F2451A900E80870 /* ClearXRSimulator.framework */ = {isa = PBXFileReference; explicitFileType = wrapper.framework; includeInIndex = 0; path = ClearXRSimulator.framework; sourceTree = BUILT_PRODUCTS_DIR; };
		39DFFB912EEA1BA2002EE889 /* ClearXR.app */ = {isa = PBXFileReference; explicitFileType = wrapper.application; includeInIndex = 0; path = ClearXR.app; sourceTree = BUILT_PRODUCTS_DIR; };
		4DC9F225FA0232351E2DB25B /* README.md */ = {isa = PBXFileReference; lastKnownFileType = net.daringfireball.markdown; path = README.md; sourceTree = "<group>"; };
		D213B0782F6DEAAE006A3ACA /* Assets.xcassets */ = {isa = PBXFileReference; lastKnownFileType = folder.assetcatalog; path = Assets.xcassets; sourceTree = "<group>"; };
/* End PBXFileReference section */

/* Begin PBXFileSystemSynchronizedBuildFileExceptionSet section */
		39DFFBD72EEA1D6D002EE889 /* Exceptions for "ClearXR" folder in "ClearXR" target */ = {
			isa = PBXFileSystemSynchronizedBuildFileExceptionSet;
			membershipExceptions = (
				ClearXRApp.swift,
				Models/AppModel.swift,
				Models/MessageChannelModel.swift,
				Models/ServerConfigurationManager.swift,
				Models/SpatialControllerManager.swift,
				Models/SpatialControllerPacket.swift,
				Models/StreamActions.swift,
				Models/StreamConfiguration.swift,
				ViewModifiers/SetImmersivePresentationBehaviorsViewModifier.swift,
				ViewModifiers/TrackWindowStateViewModifier.swift,
				Views/ConfigurationView.swift,
				Views/ConnectionActionButton.swift,
				Views/ContentView.swift,
				Views/ReopenMainWindowView.swift,
				Views/StreamConnectionView.swift,
				Views/StreamControlsView.swift,
			);
			target = 39DFFB902EEA1BA1002EE889 /* ClearXR */;
		};
/* End PBXFileSystemSynchronizedBuildFileExceptionSet section */

/* Begin PBXFileSystemSynchronizedRootGroup section */
		39D596662F2451A900E80870 /* ClearXRSimulator */ = {
			isa = PBXFileSystemSynchronizedRootGroup;
			path = ClearXRSimulator;
			sourceTree = "<group>";
		};
		39DFFBC52EEA1D40002EE889 /* ClearXR */ = {
			isa = PBXFileSystemSynchronizedRootGroup;
			exceptions = (
				39DFFBD72EEA1D6D002EE889 /* Exceptions for "ClearXR" folder in "ClearXR" target */,
			);
			path = ClearXR;
			sourceTree = "<group>";
		};
/* End PBXFileSystemSynchronizedRootGroup section */

/* Begin PBXFrameworksBuildPhase section */
		39D596622F2451A900E80870 /* Frameworks */ = {
			isa = PBXFrameworksBuildPhase;
			files = (
			);
		};
		39DFFB8E2EEA1BA1002EE889 /* Frameworks */ = {
			isa = PBXFrameworksBuildPhase;
			files = (
				39D5966B2F2451A900E80870 /* ClearXRSimulator.framework in Frameworks */,
			);
		};
/* End PBXFrameworksBuildPhase section */

/* Begin PBXGroup section */
		39DFFB882EEA1BA1002EE889 = {
			isa = PBXGroup;
			children = (
				4DC9F225FA0232351E2DB25B /* README.md */,
				D213B0782F6DEAAE006A3ACA /* Assets.xcassets */,
				39DFFBC52EEA1D40002EE889 /* ClearXR */,
				39D596662F2451A900E80870 /* ClearXRSimulator */,
				39DFFB922EEA1BA2002EE889 /* Products */,
				7D237183C11A7D02614EF193 /* Configuration */,
				112FCB01110364E68BC6A2D2 /* LICENSE.txt */,
			);
			sourceTree = "<group>";
		};
		39DFFB922EEA1BA2002EE889 /* Products */ = {
			isa = PBXGroup;
			children = (
				39DFFB912EEA1BA2002EE889 /* ClearXR.app */,
				39D596652F2451A900E80870 /* ClearXRSimulator.framework */,
			);
			name = Products;
			sourceTree = "<group>";
		};
		7D237183C11A7D02614EF193 /* Configuration */ = {
			isa = PBXGroup;
			children = (
			);
			name = Configuration;
			sourceTree = "<group>";
		};
/* End PBXGroup section */

/* Begin PBXHeadersBuildPhase section */
		39D596602F2451A900E80870 /* Headers */ = {
			isa = PBXHeadersBuildPhase;
			files = (
			);
		};
/* End PBXHeadersBuildPhase section */

/* Begin PBXNativeTarget section */
		39D596642F2451A900E80870 /* ClearXRSimulator */ = {
			isa = PBXNativeTarget;
			buildConfigurationList = 39D596702F2451A900E80870 /* Build configuration list for PBXNativeTarget "ClearXRSimulator" */;
			buildPhases = (
				39D596602F2451A900E80870 /* Headers */,
				39D596612F2451A900E80870 /* Sources */,
				39D596622F2451A900E80870 /* Frameworks */,
				39D596632F2451A900E80870 /* Resources */,
			);
			buildRules = (
			);
			fileSystemSynchronizedGroups = (
				39D596662F2451A900E80870 /* ClearXRSimulator */,
			);
			name = ClearXRSimulator;
			productName = ClearXRSimulator;
			productReference = 39D596652F2451A900E80870 /* ClearXRSimulator.framework */;
			productType = "com.apple.product-type.framework";
		};
		39DFFB902EEA1BA1002EE889 /* ClearXR */ = {
			isa = PBXNativeTarget;
			buildConfigurationList = 39DFFBA22EEA1BA4002EE889 /* Build configuration list for PBXNativeTarget "ClearXR" */;
			buildPhases = (
				39DFFB8D2EEA1BA1002EE889 /* Sources */,
				39DFFB8E2EEA1BA1002EE889 /* Frameworks */,
				39DFFB8F2EEA1BA1002EE889 /* Resources */,
				39D5966D2F2451A900E80870 /* Embed Frameworks */,
			);
			buildRules = (
			);
			dependencies = (
				39D5966A2F2451A900E80870 /* PBXTargetDependency */,
			);
			name = ClearXR;
			productName = ClearXR;
			productReference = 39DFFB912EEA1BA2002EE889 /* ClearXR.app */;
			productType = "com.apple.product-type.application";
		};
/* End PBXNativeTarget section */

/* Begin PBXProject section */
		39DFFB892EEA1BA1002EE889 /* Project object */ = {
			isa = PBXProject;
			attributes = {
				BuildIndependentTargetsInParallel = 1;
				LastSwiftUpdateCheck = 2630;
				LastUpgradeCheck = 2640;
				ORGANIZATIONNAME = Apple;
				TargetAttributes = {
					39D596642F2451A900E80870 = {
						CreatedOnToolsVersion = 26.3;
					};
					39DFFB902EEA1BA1002EE889 = {
						CreatedOnToolsVersion = 26.3;
					};
				};
			};
			buildConfigurationList = 39DFFB8C2EEA1BA1002EE889 /* Build configuration list for PBXProject "ClearXR" */;
			developmentRegion = en;
			hasScannedForEncodings = 0;
			knownRegions = (
				en,
				Base,
			);
			mainGroup = 39DFFB882EEA1BA1002EE889;
			preferredProjectObjectVersion = 100;
			productRefGroup = 39DFFB922EEA1BA2002EE889 /* Products */;
			projectDirPath = "";
			projectRoot = "";
			targets = (
				39DFFB902EEA1BA1002EE889 /* ClearXR */,
				39D596642F2451A900E80870 /* ClearXRSimulator */,
			);
		};
/* End PBXProject section */

/* Begin PBXResourcesBuildPhase section */
		39D596632F2451A900E80870 /* Resources */ = {
			isa = PBXResourcesBuildPhase;
			files = (
			);
		};
		39DFFB8F2EEA1BA1002EE889 /* Resources */ = {
			isa = PBXResourcesBuildPhase;
			files = (
				D213B0792F6DEAAE006A3ACA /* Assets.xcassets in Resources */,
			);
		};
/* End PBXResourcesBuildPhase section */

/* Begin PBXSourcesBuildPhase section */
		39D596612F2451A900E80870 /* Sources */ = {
			isa = PBXSourcesBuildPhase;
			files = (
			);
		};
		39DFFB8D2EEA1BA1002EE889 /* Sources */ = {
			isa = PBXSourcesBuildPhase;
			files = (
			);
		};
/* End PBXSourcesBuildPhase section */

/* Begin PBXTargetDependency section */
		39D5966A2F2451A900E80870 /* PBXTargetDependency */ = {
			isa = PBXTargetDependency;
			target = 39D596642F2451A900E80870 /* ClearXRSimulator */;
			targetProxy = 39D596692F2451A900E80870 /* PBXContainerItemProxy */;
		};
/* End PBXTargetDependency section */

/* Begin XCBuildConfiguration section */
		39D5966E2F2451A900E80870 /* Debug configuration for PBXNativeTarget "ClearXRSimulator" */ = {
			isa = XCBuildConfiguration;
			buildSettings = {
				BUILD_LIBRARY_FOR_DISTRIBUTION = YES;
				CODE_SIGN_IDENTITY = "";
				CODE_SIGN_STYLE = Automatic;
				CURRENT_PROJECT_VERSION = 1;
				DEVELOPMENT_TEAM = "";
				DYLIB_COMPATIBILITY_VERSION = 1;
				DYLIB_CURRENT_VERSION = 1;
				DYLIB_INSTALL_NAME_BASE = "@rpath";
				ENABLE_MODULE_VERIFIER = YES;
				ENABLE_USER_SCRIPT_SANDBOXING = YES;
				GENERATE_INFOPLIST_FILE = YES;
				INFOPLIST_KEY_NSHumanReadableCopyright = "";
				INSTALL_PATH = "$(LOCAL_LIBRARY_DIR)/Frameworks";
				LD_RUNPATH_SEARCH_PATHS = (
					"$(inherited)",
					"@executable_path/Frameworks",
					"@loader_path/Frameworks",
				);
				MARKETING_VERSION = 1.0;
				MODULE_VERIFIER_SUPPORTED_LANGUAGES = "objective-c objective-c++";
				MODULE_VERIFIER_SUPPORTED_LANGUAGE_STANDARDS = "gnu17 gnu++20";
				PRODUCT_BUNDLE_IDENTIFIER = app.clearxr.clientSimulator;
				PRODUCT_NAME = "$(TARGET_NAME:c99extidentifier)";
				PROVISIONING_PROFILE_SPECIFIER = "";
				SKIP_INSTALL = YES;
				STRING_CATALOG_GENERATE_SYMBOLS = YES;
				SUPPORTED_PLATFORMS = "xros xrsimulator";
				SWIFT_APPROACHABLE_CONCURRENCY = YES;
				SWIFT_EMIT_LOC_STRINGS = YES;
				SWIFT_INSTALL_MODULE = YES;
				SWIFT_INSTALL_OBJC_HEADER = NO;
				SWIFT_UPCOMING_FEATURE_MEMBER_IMPORT_VISIBILITY = YES;
				SWIFT_VERSION = 5.0;
				TARGETED_DEVICE_FAMILY = 7;
				VERSIONING_SYSTEM = "apple-generic";
				VERSION_INFO_PREFIX = "";
			};
			name = Debug;
		};
		39D5966F2F2451A900E80870 /* Release configuration for PBXNativeTarget "ClearXRSimulator" */ = {
			isa = XCBuildConfiguration;
			buildSettings = {
				BUILD_LIBRARY_FOR_DISTRIBUTION = YES;
				CODE_SIGN_IDENTITY = "";
				CODE_SIGN_STYLE = Automatic;
				CURRENT_PROJECT_VERSION = 1;
				DEVELOPMENT_TEAM = "";
				DYLIB_COMPATIBILITY_VERSION = 1;
				DYLIB_CURRENT_VERSION = 1;
				DYLIB_INSTALL_NAME_BASE = "@rpath";
				ENABLE_MODULE_VERIFIER = YES;
				ENABLE_USER_SCRIPT_SANDBOXING = YES;
				GENERATE_INFOPLIST_FILE = YES;
				INFOPLIST_KEY_NSHumanReadableCopyright = "";
				INSTALL_PATH = "$(LOCAL_LIBRARY_DIR)/Frameworks";
				LD_RUNPATH_SEARCH_PATHS = (
					"$(inherited)",
					"@executable_path/Frameworks",
					"@loader_path/Frameworks",
				);
				MARKETING_VERSION = 1.0;
				MODULE_VERIFIER_SUPPORTED_LANGUAGES = "objective-c objective-c++";
				MODULE_VERIFIER_SUPPORTED_LANGUAGE_STANDARDS = "gnu17 gnu++20";
				PRODUCT_BUNDLE_IDENTIFIER = app.clearxr.clientSimulator;
				PRODUCT_NAME = "$(TARGET_NAME:c99extidentifier)";
				PROVISIONING_PROFILE_SPECIFIER = "";
				SKIP_INSTALL = YES;
				STRING_CATALOG_GENERATE_SYMBOLS = YES;
				SUPPORTED_PLATFORMS = "xros xrsimulator";
				SWIFT_APPROACHABLE_CONCURRENCY = YES;
				SWIFT_EMIT_LOC_STRINGS = YES;
				SWIFT_INSTALL_MODULE = YES;
				SWIFT_INSTALL_OBJC_HEADER = NO;
				SWIFT_UPCOMING_FEATURE_MEMBER_IMPORT_VISIBILITY = YES;
				SWIFT_VERSION = 5.0;
				TARGETED_DEVICE_FAMILY = 7;
				VERSIONING_SYSTEM = "apple-generic";
				VERSION_INFO_PREFIX = "";
			};
			name = Release;
		};
		39DFFBA32EEA1BA4002EE889 /* Debug configuration for PBXNativeTarget "ClearXR" */ = {
			isa = XCBuildConfiguration;
			buildSettings = {
				ASSETCATALOG_COMPILER_APPICON_NAME = AppIcon;
				"ASSETCATALOG_COMPILER_APPICON_NAME[sdk=xros*]" = AppIcon;
				ASSETCATALOG_COMPILER_GLOBAL_ACCENT_COLOR_NAME = AccentColor;
				ASSETCATALOG_COMPILER_INCLUDE_ALL_APPICON_ASSETS = NO;
				CODE_SIGN_ENTITLEMENTS = ClearXR/ClearXR.entitlements;
				CODE_SIGN_STYLE = Automatic;
				CURRENT_PROJECT_VERSION = 1;
				DEVELOPMENT_TEAM = 4G2X78SFJ7;
				ENABLE_PREVIEWS = YES;
				ENABLE_USER_SCRIPT_SANDBOXING = YES;
				GENERATE_INFOPLIST_FILE = YES;
				INFOPLIST_FILE = "$(TARGET_NAME)/Info.plist";
				INFOPLIST_KEY_CFBundleDisplayName = "Clear XR";
				INFOPLIST_KEY_GCSupportsControllerUserInteraction = YES;
				INFOPLIST_KEY_NSLocalNetworkUsageDescription = "access cloudXR server";
				INFOPLIST_KEY_UILaunchStoryboardName = AppIcon;
				LD_RUNPATH_SEARCH_PATHS = (
					"$(inherited)",
					"@executable_path/Frameworks",
				);
				MARKETING_VERSION = 1.0;
				PRODUCT_BUNDLE_IDENTIFIER = app.clearxr.client;
				PRODUCT_NAME = "$(TARGET_NAME)";
				PROVISIONING_PROFILE_SPECIFIER = "";
				STRING_CATALOG_GENERATE_SYMBOLS = YES;
				SUPPORTED_PLATFORMS = "xros xrsimulator";
				SWIFT_APPROACHABLE_CONCURRENCY = YES;
				SWIFT_DEFAULT_ACTOR_ISOLATION = MainActor;
				SWIFT_EMIT_LOC_STRINGS = YES;
				SWIFT_UPCOMING_FEATURE_MEMBER_IMPORT_VISIBILITY = YES;
				SWIFT_VERSION = 5.0;
				TARGETED_DEVICE_FAMILY = 7;
			};
			name = Debug;
		};
		39DFFBA42EEA1BA4002EE889 /* Release configuration for PBXNativeTarget "ClearXR" */ = {
			isa = XCBuildConfiguration;
			buildSettings = {
				ASSETCATALOG_COMPILER_APPICON_NAME = AppIcon;
				"ASSETCATALOG_COMPILER_APPICON_NAME[sdk=xros*]" = AppIcon;
				ASSETCATALOG_COMPILER_GLOBAL_ACCENT_COLOR_NAME = AccentColor;
				ASSETCATALOG_COMPILER_INCLUDE_ALL_APPICON_ASSETS = NO;
				CODE_SIGN_ENTITLEMENTS = ClearXR/ClearXR.entitlements;
				CODE_SIGN_STYLE = Automatic;
				CURRENT_PROJECT_VERSION = 1;
				DEVELOPMENT_TEAM = 4G2X78SFJ7;
				ENABLE_PREVIEWS = YES;
				ENABLE_USER_SCRIPT_SANDBOXING = YES;
				GENERATE_INFOPLIST_FILE = YES;
				INFOPLIST_FILE = "$(TARGET_NAME)/Info.plist";
				INFOPLIST_KEY_CFBundleDisplayName = "Clear XR";
				INFOPLIST_KEY_GCSupportsControllerUserInteraction = YES;
				INFOPLIST_KEY_NSLocalNetworkUsageDescription = "access cloudXR server";
				INFOPLIST_KEY_UILaunchStoryboardName = AppIcon;
				LD_RUNPATH_SEARCH_PATHS = (
					"$(inherited)",
					"@executable_path/Frameworks",
				);
				MARKETING_VERSION = 1.0;
				PRODUCT_BUNDLE_IDENTIFIER = app.clearxr.client;
				PRODUCT_NAME = "$(TARGET_NAME)";
				PROVISIONING_PROFILE_SPECIFIER = "";
				STRING_CATALOG_GENERATE_SYMBOLS = YES;
				SUPPORTED_PLATFORMS = "xros xrsimulator";
				SWIFT_APPROACHABLE_CONCURRENCY = YES;
				SWIFT_DEFAULT_ACTOR_ISOLATION = MainActor;
				SWIFT_EMIT_LOC_STRINGS = YES;
				SWIFT_UPCOMING_FEATURE_MEMBER_IMPORT_VISIBILITY = YES;
				SWIFT_VERSION = 5.0;
				TARGETED_DEVICE_FAMILY = 7;
			};
			name = Release;
		};
		39DFFBA52EEA1BA4002EE889 /* Debug configuration for PBXProject "ClearXR" */ = {
			isa = XCBuildConfiguration;
			buildSettings = {
				ALWAYS_SEARCH_USER_PATHS = NO;
				ASSETCATALOG_COMPILER_GENERATE_SWIFT_ASSET_SYMBOL_EXTENSIONS = YES;
				CLANG_ANALYZER_NONNULL = YES;
				CLANG_ANALYZER_NUMBER_OBJECT_CONVERSION = YES_AGGRESSIVE;
				CLANG_CXX_LANGUAGE_STANDARD = "gnu++20";
				CLANG_ENABLE_MODULES = YES;
				CLANG_ENABLE_OBJC_ARC = YES;
				CLANG_ENABLE_OBJC_WEAK = YES;
				CLANG_WARN_BLOCK_CAPTURE_AUTORELEASING = YES;
				CLANG_WARN_BOOL_CONVERSION = YES;
				CLANG_WARN_COMMA = YES;
				CLANG_WARN_CONSTANT_CONVERSION = YES;
				CLANG_WARN_DEPRECATED_OBJC_IMPLEMENTATIONS = YES;
				CLANG_WARN_DIRECT_OBJC_ISA_USAGE = YES_ERROR;
				CLANG_WARN_DOCUMENTATION_COMMENTS = YES;
				CLANG_WARN_EMPTY_BODY = YES;
				CLANG_WARN_ENUM_CONVERSION = YES;
				CLANG_WARN_INFINITE_RECURSION = YES;
				CLANG_WARN_INT_CONVERSION = YES;
				CLANG_WARN_NON_LITERAL_NULL_CONVERSION = YES;
				CLANG_WARN_OBJC_IMPLICIT_RETAIN_SELF = YES;
				CLANG_WARN_OBJC_LITERAL_CONVERSION = YES;
				CLANG_WARN_OBJC_ROOT_CLASS = YES_ERROR;
				CLANG_WARN_QUOTED_INCLUDE_IN_FRAMEWORK_HEADER = YES;
				CLANG_WARN_RANGE_LOOP_ANALYSIS = YES;
				CLANG_WARN_STRICT_PROTOTYPES = YES;
				CLANG_WARN_SUSPICIOUS_MOVE = YES;
				CLANG_WARN_UNGUARDED_AVAILABILITY = YES_AGGRESSIVE;
				CLANG_WARN_UNREACHABLE_CODE = YES;
				CLANG_WARN__DUPLICATE_METHOD_MATCH = YES;
				COPY_PHASE_STRIP = NO;
				DEBUG_INFORMATION_FORMAT = dwarf;
				DEVELOPMENT_TEAM = XLM526FTYW;
				ENABLE_STRICT_OBJC_MSGSEND = YES;
				ENABLE_TESTABILITY = YES;
				ENABLE_USER_SCRIPT_SANDBOXING = YES;
				GCC_C_LANGUAGE_STANDARD = gnu17;
				GCC_DYNAMIC_NO_PIC = NO;
				GCC_NO_COMMON_BLOCKS = YES;
				GCC_OPTIMIZATION_LEVEL = 0;
				GCC_PREPROCESSOR_DEFINITIONS = (
					"DEBUG=1",
					"$(inherited)",
				);
				GCC_WARN_64_TO_32_BIT_CONVERSION = YES;
				GCC_WARN_ABOUT_RETURN_TYPE = YES_ERROR;
				GCC_WARN_UNDECLARED_SELECTOR = YES;
				GCC_WARN_UNINITIALIZED_AUTOS = YES_AGGRESSIVE;
				GCC_WARN_UNUSED_FUNCTION = YES;
				GCC_WARN_UNUSED_VARIABLE = YES;
				LOCALIZATION_PREFERS_STRING_CATALOGS = YES;
				MTL_ENABLE_DEBUG_INFO = INCLUDE_SOURCE;
				MTL_FAST_MATH = YES;
				ONLY_ACTIVE_ARCH = YES;
				SDKROOT = xros;
				STRING_CATALOG_GENERATE_SYMBOLS = YES;
				SWIFT_ACTIVE_COMPILATION_CONDITIONS = "DEBUG $(inherited)";
				SWIFT_OPTIMIZATION_LEVEL = "-Onone";
				XROS_DEPLOYMENT_TARGET = 26.4;
			};
			name = Debug;
		};
		39DFFBA62EEA1BA4002EE889 /* Release configuration for PBXProject "ClearXR" */ = {
			isa = XCBuildConfiguration;
			buildSettings = {
				ALWAYS_SEARCH_USER_PATHS = NO;
				ASSETCATALOG_COMPILER_GENERATE_SWIFT_ASSET_SYMBOL_EXTENSIONS = YES;
				CLANG_ANALYZER_NONNULL = YES;
				CLANG_ANALYZER_NUMBER_OBJECT_CONVERSION = YES_AGGRESSIVE;
				CLANG_CXX_LANGUAGE_STANDARD = "gnu++20";
				CLANG_ENABLE_MODULES = YES;
				CLANG_ENABLE_OBJC_ARC = YES;
				CLANG_ENABLE_OBJC_WEAK = YES;
				CLANG_WARN_BLOCK_CAPTURE_AUTORELEASING = YES;
				CLANG_WARN_BOOL_CONVERSION = YES;
				CLANG_WARN_COMMA = YES;
				CLANG_WARN_CONSTANT_CONVERSION = YES;
				CLANG_WARN_DEPRECATED_OBJC_IMPLEMENTATIONS = YES;
				CLANG_WARN_DIRECT_OBJC_ISA_USAGE = YES_ERROR;
				CLANG_WARN_DOCUMENTATION_COMMENTS = YES;
				CLANG_WARN_EMPTY_BODY = YES;
				CLANG_WARN_ENUM_CONVERSION = YES;
				CLANG_WARN_INFINITE_RECURSION = YES;
				CLANG_WARN_INT_CONVERSION = YES;
				CLANG_WARN_NON_LITERAL_NULL_CONVERSION = YES;
				CLANG_WARN_OBJC_IMPLICIT_RETAIN_SELF = YES;
				CLANG_WARN_OBJC_LITERAL_CONVERSION = YES;
				CLANG_WARN_OBJC_ROOT_CLASS = YES_ERROR;
				CLANG_WARN_QUOTED_INCLUDE_IN_FRAMEWORK_HEADER = YES;
				CLANG_WARN_RANGE_LOOP_ANALYSIS = YES;
				CLANG_WARN_STRICT_PROTOTYPES = YES;
				CLANG_WARN_SUSPICIOUS_MOVE = YES;
				CLANG_WARN_UNGUARDED_AVAILABILITY = YES_AGGRESSIVE;
				CLANG_WARN_UNREACHABLE_CODE = YES;
				CLANG_WARN__DUPLICATE_METHOD_MATCH = YES;
				COPY_PHASE_STRIP = NO;
				DEBUG_INFORMATION_FORMAT = "dwarf-with-dsym";
				DEVELOPMENT_TEAM = XLM526FTYW;
				ENABLE_NS_ASSERTIONS = NO;
				ENABLE_STRICT_OBJC_MSGSEND = YES;
				ENABLE_USER_SCRIPT_SANDBOXING = YES;
				GCC_C_LANGUAGE_STANDARD = gnu17;
				GCC_NO_COMMON_BLOCKS = YES;
				GCC_WARN_64_TO_32_BIT_CONVERSION = YES;
				GCC_WARN_ABOUT_RETURN_TYPE = YES_ERROR;
				GCC_WARN_UNDECLARED_SELECTOR = YES;
				GCC_WARN_UNINITIALIZED_AUTOS = YES_AGGRESSIVE;
				GCC_WARN_UNUSED_FUNCTION = YES;
				GCC_WARN_UNUSED_VARIABLE = YES;
				LOCALIZATION_PREFERS_STRING_CATALOGS = YES;
				MTL_ENABLE_DEBUG_INFO = NO;
				MTL_FAST_MATH = YES;
				SDKROOT = xros;
				STRING_CATALOG_GENERATE_SYMBOLS = YES;
				SWIFT_COMPILATION_MODE = wholemodule;
				VALIDATE_PRODUCT = YES;
				XROS_DEPLOYMENT_TARGET = 26.4;
			};
			name = Release;
		};
/* End XCBuildConfiguration section */

/* Begin XCConfigurationList section */
		39D596702F2451A900E80870 /* Build configuration list for PBXNativeTarget "ClearXRSimulator" */ = {
			isa = XCConfigurationList;
			buildConfigurations = (
				39D5966E2F2451A900E80870 /* Debug configuration for PBXNativeTarget "ClearXRSimulator" */,
				39D5966F2F2451A900E80870 /* Release configuration for PBXNativeTarget "ClearXRSimulator" */,
			);
			defaultConfigurationName = Release;
		};
		39DFFB8C2EEA1BA1002EE889 /* Build configuration list for PBXProject "ClearXR" */ = {
			isa = XCConfigurationList;
			buildConfigurations = (
				39DFFBA52EEA1BA4002EE889 /* Debug configuration for PBXProject "ClearXR" */,
				39DFFBA62EEA1BA4002EE889 /* Release configuration for PBXProject "ClearXR" */,
			);
			defaultConfigurationName = Release;
		};
		39DFFBA22EEA1BA4002EE889 /* Build configuration list for PBXNativeTarget "ClearXR" */ = {
			isa = XCConfigurationList;
			buildConfigurations = (
				39DFFBA32EEA1BA4002EE889 /* Debug configuration for PBXNativeTarget "ClearXR" */,
				39DFFBA42EEA1BA4002EE889 /* Release configuration for PBXNativeTarget "ClearXR" */,
			);
			defaultConfigurationName = Release;
		};
/* End XCConfigurationList section */
	};
	rootObject = 39DFFB892EEA1BA1002EE889 /* Project object */;
}
